
Microsoft Visual Studio Solution File, Format Version 12.00
# Visual Studio 15
VisualStudioVersion = 15.0.28307.168
MinimumVisualStudioVersion = 10.0.40219.1
Project("{FAE04EC0-301F-11D3-BF4B-00C04F79EFBC}") = "BankidyBanking", "BankidyBanking\BankidyBanking.csproj", "{23C29AD8-35B2-4091-8463-D799AC8E79CB}"
EndProject
Global
	GlobalSection(SolutionConfigurationPlatforms) = preSolution
		Debug|Any CPU = Debug|Any CPU
		Release|Any CPU = Release|Any CPU
	EndGlobalSection
	GlobalSection(ProjectConfigurationPlatforms) = postSolution
		{23C29AD8-35B2-4091-8463-D799AC8E79CB}.Debug|Any CPU.ActiveCfg = Debug|Any CPU
		{23C29AD8-35B2-4091-8463-D799AC8E79CB}.Debug|Any CPU.Build.0 = Debug|Any CPU
		{23C29AD8-35B2-4091-8463-D799AC8E79CB}.Release|Any CPU.ActiveCfg = Release|Any CPU
		{23C29AD8-35B2-4091-8463-D799AC8E79CB}.Release|Any CPU.Build.0 = Release|Any CPU
	EndGlobalSection
	GlobalSection(SolutionProperties) = preSolution
		HideSolutionNode = FALSE
	EndGlobalSection
	GlobalSection(ExtensibilityGlobals) = postSolution
		SolutionGuid = {4D81DBAA-C18D-4B26-8DE6-6855129EF867}
	EndGlobalSection
EndGlobal
